
Microsoft Visual Studio Solution File, Format Version 12.00
# Visual Studio Version 16
VisualStudioVersion = 16.0.30804.86
MinimumVisualStudioVersion = 10.0.40219.1
Project("{9A19103F-16F7-4668-BE54-9A1E7A4F7556}") = "PdfAppender", "PdfAppender\PdfAppender.csproj", "{30D32FE7-2B58-433E-8BFF-4ECDE3B2138E}"
EndProject
Global
	GlobalSection(SolutionConfigurationPlatforms) = preSolution
		Debug|Any CPU = Debug|Any CPU
		Release|Any CPU = Release|Any CPU
	EndGlobalSection
	GlobalSection(ProjectConfigurationPlatforms) = postSolution
		{30D32FE7-2B58-433E-8BFF-4ECDE3B2138E}.Debug|Any CPU.ActiveCfg = Debug|Any CPU
		{30D32FE7-2B58-433E-8BFF-4ECDE3B2138E}.Debug|Any CPU.Build.0 = Debug|Any CPU
		{30D32FE7-2B58-433E-8BFF-4ECDE3B2138E}.Release|Any CPU.ActiveCfg = Release|Any CPU
		{30D32FE7-2B58-433E-8BFF-4ECDE3B2138E}.Release|Any CPU.Build.0 = Release|Any CPU
	EndGlobalSection
	GlobalSection(SolutionProperties) = preSolution
		HideSolutionNode = FALSE
	EndGlobalSection
	GlobalSection(ExtensibilityGlobals) = postSolution
		SolutionGuid = {B887A3CD-A4FB-43CB-9B02-0BFF2D31EE0F}
	EndGlobalSection
EndGlobal
